
Microsoft Visual Studio Solution File, Format Version 12.00
# Visual Studio 15
VisualStudioVersion = 15.0.26430.16
MinimumVisualStudioVersion = 10.0.40219.1
Project("{FAE04EC0-301F-11D3-BF4B-00C04F79EFBC}") = "FrontEnd", "Full_Stack\FrontEnd.csproj", "{F031F55B-3F71-4AD7-B5FF-16E143E99AA1}"
EndProject
Project("{FAE04EC0-301F-11D3-BF4B-00C04F79EFBC}") = "BackEnd_Api", "BackEnd_Api\BackEnd_Api.csproj", "{443A09FC-DBAB-4273-BAEB-0DAC5B4FB3A5}"
EndProject
Global
	GlobalSection(SolutionConfigurationPlatforms) = preSolution
		Debug|Any CPU = Debug|Any CPU
		Release|Any CPU = Release|Any CPU
	EndGlobalSection
	GlobalSection(ProjectConfigurationPlatforms) = postSolution
		{F031F55B-3F71-4AD7-B5FF-16E143E99AA1}.Debug|Any CPU.ActiveCfg = Debug|Any CPU
		{F031F55B-3F71-4AD7-B5FF-16E143E99AA1}.Debug|Any CPU.Build.0 = Debug|Any CPU
		{F031F55B-3F71-4AD7-B5FF-16E143E99AA1}.Release|Any CPU.ActiveCfg = Release|Any CPU
		{F031F55B-3F71-4AD7-B5FF-16E143E99AA1}.Release|Any CPU.Build.0 = Release|Any CPU
		{443A09FC-DBAB-4273-BAEB-0DAC5B4FB3A5}.Debug|Any CPU.ActiveCfg = Debug|Any CPU
		{443A09FC-DBAB-4273-BAEB-0DAC5B4FB3A5}.Debug|Any CPU.Build.0 = Debug|Any CPU
		{443A09FC-DBAB-4273-BAEB-0DAC5B4FB3A5}.Release|Any CPU.ActiveCfg = Release|Any CPU
		{443A09FC-DBAB-4273-BAEB-0DAC5B4FB3A5}.Release|Any CPU.Build.0 = Release|Any CPU
	EndGlobalSection
	GlobalSection(SolutionProperties) = preSolution
		HideSolutionNode = FALSE
	EndGlobalSection
EndGlobal
